
Microsoft Visual Studio Solution File, Format Version 12.00
# Visual Studio Version 17
VisualStudioVersion = 17.0.31903.59
MinimumVisualStudioVersion = 10.0.40219.1
Project("{2150E333-8FDC-42A3-9474-1A3956D46DE8}") = "src", "src", "{36C24382-34B6-4734-8A69-608A4BE49A59}"
EndProject
Project("{FAE04EC0-301F-11D3-BF4B-00C04F79EFBC}") = "MilkyFrog.Core", "src\MilkyFrog.Core\MilkyFrog.Core.csproj", "{2BA64352-85D1-4AF8-AB8F-DCE68E86753E}"
EndProject
Project("{FAE04EC0-301F-11D3-BF4B-00C04F79EFBC}") = "MilkyFrog.App", "src\MilkyFrog.App\MilkyFrog.App.csproj", "{3186150A-CCC3-4406-8ABB-2864FD40A212}"
EndProject
Project("{FAE04EC0-301F-11D3-BF4B-00C04F79EFBC}") = "MilkyFrog.Platform.Windows", "src\MilkyFrog.Platform.Windows\MilkyFrog.Platform.Windows.csproj", "{EB124AC4-1D71-4300-8487-994293999E25}"
EndProject
Project("{2150E333-8FDC-42A3-9474-1A3956D46DE8}") = "tests", "tests", "{49A38F30-9524-4EC2-91C5-8444FC2F0F75}"
EndProject
Project("{FAE04EC0-301F-11D3-BF4B-00C04F79EFBC}") = "MilkyFrog.Core.Tests", "tests\MilkyFrog.Core.Tests\MilkyFrog.Core.Tests.csproj", "{AE77DC13-7F8D-4429-9980-E66FA668FC5B}"
EndProject
Global
	GlobalSection(SolutionConfigurationPlatforms) = preSolution
		Debug|Any CPU = Debug|Any CPU
		Release|Any CPU = Release|Any CPU
	EndGlobalSection
	GlobalSection(SolutionProperties) = preSolution
		HideSolutionNode = FALSE
	EndGlobalSection
	GlobalSection(ProjectConfigurationPlatforms) = postSolution
		{2BA64352-85D1-4AF8-AB8F-DCE68E86753E}.Debug|Any CPU.ActiveCfg = Debug|Any CPU
		{2BA64352-85D1-4AF8-AB8F-DCE68E86753E}.Debug|Any CPU.Build.0 = Debug|Any CPU
		{2BA64352-85D1-4AF8-AB8F-DCE68E86753E}.Release|Any CPU.ActiveCfg = Release|Any CPU
		{2BA64352-85D1-4AF8-AB8F-DCE68E86753E}.Release|Any CPU.Build.0 = Release|Any CPU
		{3186150A-CCC3-4406-8ABB-2864FD40A212}.Debug|Any CPU.ActiveCfg = Debug|Any CPU
		{3186150A-CCC3-4406-8ABB-2864FD40A212}.Debug|Any CPU.Build.0 = Debug|Any CPU
		{3186150A-CCC3-4406-8ABB-2864FD40A212}.Release|Any CPU.ActiveCfg = Release|Any CPU
		{3186150A-CCC3-4406-8ABB-2864FD40A212}.Release|Any CPU.Build.0 = Release|Any CPU
		{EB124AC4-1D71-4300-8487-994293999E25}.Debug|Any CPU.ActiveCfg = Debug|Any CPU
		{EB124AC4-1D71-4300-8487-994293999E25}.Debug|Any CPU.Build.0 = Debug|Any CPU
		{EB124AC4-1D71-4300-8487-994293999E25}.Release|Any CPU.ActiveCfg = Release|Any CPU
		{EB124AC4-1D71-4300-8487-994293999E25}.Release|Any CPU.Build.0 = Release|Any CPU
		{AE77DC13-7F8D-4429-9980-E66FA668FC5B}.Debug|Any CPU.ActiveCfg = Debug|Any CPU
		{AE77DC13-7F8D-4429-9980-E66FA668FC5B}.Debug|Any CPU.Build.0 = Debug|Any CPU
		{AE77DC13-7F8D-4429-9980-E66FA668FC5B}.Release|Any CPU.ActiveCfg = Release|Any CPU
		{AE77DC13-7F8D-4429-9980-E66FA668FC5B}.Release|Any CPU.Build.0 = Release|Any CPU
	EndGlobalSection
	GlobalSection(NestedProjects) = preSolution
		{2BA64352-85D1-4AF8-AB8F-DCE68E86753E} = {36C24382-34B6-4734-8A69-608A4BE49A59}
		{3186150A-CCC3-4406-8ABB-2864FD40A212} = {36C24382-34B6-4734-8A69-608A4BE49A59}
		{EB124AC4-1D71-4300-8487-994293999E25} = {36C24382-34B6-4734-8A69-608A4BE49A59}
		{AE77DC13-7F8D-4429-9980-E66FA668FC5B} = {49A38F30-9524-4EC2-91C5-8444FC2F0F75}
	EndGlobalSection
EndGlobal
